
Microsoft Visual Studio Solution File, Format Version 12.00
# Visual Studio 15
VisualStudioVersion = 15.0.26228.4
MinimumVisualStudioVersion = 10.0.40219.1
Project("{FAE04EC0-301F-11D3-BF4B-00C04F79EFBC}") = "SOLIDPrinciplesDemo", "SOLIDPrinciplesDemo\SOLIDPrinciplesDemo.csproj", "{EAA1603F-20FA-4F2A-9C65-CC12955D040C}"
EndProject
Project("{FAE04EC0-301F-11D3-BF4B-00C04F79EFBC}") = "SOLIDPrinciplesDemo.Refactored", "SOLIDPrinciplesDemo.Refactored\SOLIDPrinciplesDemo.Refactored.csproj", "{3CC6739A-4819-4471-AA62-05014BB40F93}"
EndProject
Global
	GlobalSection(SolutionConfigurationPlatforms) = preSolution
		Debug|Any CPU = Debug|Any CPU
		Release|Any CPU = Release|Any CPU
	EndGlobalSection
	GlobalSection(ProjectConfigurationPlatforms) = postSolution
		{EAA1603F-20FA-4F2A-9C65-CC12955D040C}.Debug|Any CPU.ActiveCfg = Debug|Any CPU
		{EAA1603F-20FA-4F2A-9C65-CC12955D040C}.Debug|Any CPU.Build.0 = Debug|Any CPU
		{EAA1603F-20FA-4F2A-9C65-CC12955D040C}.Release|Any CPU.ActiveCfg = Release|Any CPU
		{EAA1603F-20FA-4F2A-9C65-CC12955D040C}.Release|Any CPU.Build.0 = Release|Any CPU
		{3CC6739A-4819-4471-AA62-05014BB40F93}.Debug|Any CPU.ActiveCfg = Debug|Any CPU
		{3CC6739A-4819-4471-AA62-05014BB40F93}.Debug|Any CPU.Build.0 = Debug|Any CPU
		{3CC6739A-4819-4471-AA62-05014BB40F93}.Release|Any CPU.ActiveCfg = Release|Any CPU
		{3CC6739A-4819-4471-AA62-05014BB40F93}.Release|Any CPU.Build.0 = Release|Any CPU
	EndGlobalSection
	GlobalSection(SolutionProperties) = preSolution
		HideSolutionNode = FALSE
	EndGlobalSection
EndGlobal
